
Microsoft Visual Studio Solution File, Format Version 12.00
# Visual Studio 15
VisualStudioVersion = 15.0.28307.168
MinimumVisualStudioVersion = 10.0.40219.1
Project("{FAE04EC0-301F-11D3-BF4B-00C04F79EFBC}") = "MerkkijononPilkkominen", "MerkkijononPilkkominen\MerkkijononPilkkominen.csproj", "{395334DE-893D-463C-9B34-234DF340B959}"
EndProject
Global
	GlobalSection(SolutionConfigurationPlatforms) = preSolution
		Debug|Any CPU = Debug|Any CPU
		Release|Any CPU = Release|Any CPU
	EndGlobalSection
	GlobalSection(ProjectConfigurationPlatforms) = postSolution
		{395334DE-893D-463C-9B34-234DF340B959}.Debug|Any CPU.ActiveCfg = Debug|Any CPU
		{395334DE-893D-463C-9B34-234DF340B959}.Debug|Any CPU.Build.0 = Debug|Any CPU
		{395334DE-893D-463C-9B34-234DF340B959}.Release|Any CPU.ActiveCfg = Release|Any CPU
		{395334DE-893D-463C-9B34-234DF340B959}.Release|Any CPU.Build.0 = Release|Any CPU
	EndGlobalSection
	GlobalSection(SolutionProperties) = preSolution
		HideSolutionNode = FALSE
	EndGlobalSection
	GlobalSection(ExtensibilityGlobals) = postSolution
		SolutionGuid = {F4674425-D481-4D20-AD5E-47FCFB1CB653}
	EndGlobalSection
EndGlobal
