
Microsoft Visual Studio Solution File, Format Version 12.00
# Visual Studio 15
VisualStudioVersion = 15.0.28307.1259
MinimumVisualStudioVersion = 10.0.40219.1
Project("{FAE04EC0-301F-11D3-BF4B-00C04F79EFBC}") = "ZipTestingNETCore", "ZipTestingNETCore\ZipTestingNETCore.csproj", "{1E0A77F0-1133-4EFE-82E4-2B60F981E202}"
EndProject
Global
	GlobalSection(SolutionConfigurationPlatforms) = preSolution
		Debug|Any CPU = Debug|Any CPU
		Release|Any CPU = Release|Any CPU
	EndGlobalSection
	GlobalSection(ProjectConfigurationPlatforms) = postSolution
		{1E0A77F0-1133-4EFE-82E4-2B60F981E202}.Debug|Any CPU.ActiveCfg = Debug|Any CPU
		{1E0A77F0-1133-4EFE-82E4-2B60F981E202}.Debug|Any CPU.Build.0 = Debug|Any CPU
		{1E0A77F0-1133-4EFE-82E4-2B60F981E202}.Release|Any CPU.ActiveCfg = Release|Any CPU
		{1E0A77F0-1133-4EFE-82E4-2B60F981E202}.Release|Any CPU.Build.0 = Release|Any CPU
	EndGlobalSection
	GlobalSection(SolutionProperties) = preSolution
		HideSolutionNode = FALSE
	EndGlobalSection
	GlobalSection(ExtensibilityGlobals) = postSolution
		SolutionGuid = {BAF619BD-48DE-4953-803A-EE58A54A30A7}
	EndGlobalSection
EndGlobal
